# This file was autogenerated by Stack.
# You should not edit this file by hand.
# For more information, please see the documentation at:
#   https://docs.haskellstack.org/en/stable/lock_files

packages:
- completed:
    hackage: Chart-1.8.3@sha256:d489400a178031564554cf39010cf9a60feb8f3a598db354c3a6c10bdbbf9bfc,2824
    pantry-tree:
      size: 3031
      sha256: 4f94864cbfe6d1925c0e8f0db59b39561a27a2558bb5c9516a5805f88eee2319
  original:
    hackage: Chart-1.8.3@sha256:d489400a178031564554cf39010cf9a60feb8f3a598db354c3a6c10bdbbf9bfc,2824
- completed:
    hackage: random-1.2.0@sha256:30d72df4cc1d2fe2d445c88f0ee9d21965af7ce86660c43a6c32a6a1d90d51c9,6094
    pantry-tree:
      size: 1259
      sha256: 92b5a834ba603ee4d006968a75847f4fd93a566b8a96e1b463b8229f8ce9961d
  original:
    hackage: random-1.2.0
- completed:
    hackage: splitmix-0.1.0.3@sha256:fc3aae74c467f4b608050bef53aec17904a618731df9407e655d8f3bf8c32d5c,6049
    pantry-tree:
      size: 1400
      sha256: 8290f921f41c3628a6c9871502e57fd1d25f5954967afbf4ed16717fd8d3656f
  original:
    hackage: splitmix-0.1.0.3
snapshots:
- completed:
    size: 420833
    url: https://raw.githubusercontent.com/commercialhaskell/stackage-snapshots/master/lts/7/5.yaml
    sha256: eaebb714177061a9acd675af27f1e9a08b6e77bd19217d1eb6a1f216f5758a32
  original: lts-7.5
